
Microsoft Visual Studio Solution File, Format Version 12.00
# Visual Studio Version 16
VisualStudioVersion = 16.0.30225.117
MinimumVisualStudioVersion = 10.0.40219.1
Project("{9A19103F-16F7-4668-BE54-9A1E7A4F7556}") = "dm-14475", "dm-14475.csproj", "{DEC63B77-6472-4037-AF78-DBA5146FD689}"
EndProject
Global
	GlobalSection(SolutionConfigurationPlatforms) = preSolution
		Debug|Any CPU = Debug|Any CPU
		Release|Any CPU = Release|Any CPU
	EndGlobalSection
	GlobalSection(ProjectConfigurationPlatforms) = postSolution
		{DEC63B77-6472-4037-AF78-DBA5146FD689}.Debug|Any CPU.ActiveCfg = Debug|Any CPU
		{DEC63B77-6472-4037-AF78-DBA5146FD689}.Debug|Any CPU.Build.0 = Debug|Any CPU
		{DEC63B77-6472-4037-AF78-DBA5146FD689}.Release|Any CPU.ActiveCfg = Release|Any CPU
		{DEC63B77-6472-4037-AF78-DBA5146FD689}.Release|Any CPU.Build.0 = Release|Any CPU
	EndGlobalSection
	GlobalSection(SolutionProperties) = preSolution
		HideSolutionNode = FALSE
	EndGlobalSection
	GlobalSection(ExtensibilityGlobals) = postSolution
		SolutionGuid = {F6BCF543-4633-4555-97A2-AFB851B6FC7C}
	EndGlobalSection
EndGlobal
